// !$*UTF8*$!
{
        archiveVersion = 1;
        classes = {
        };
        objectVersion = 56;
        objects = {

/* Begin PBXBuildFile section */
                BF000000000000000000001A /* AnamnesisApp.swift in Sources */ = {isa = PBXBuildFile; fileRef = F1000000000000000000001A /* AnamnesisApp.swift */; };
                BF000000000000000000002A /* ContentView.swift in Sources */ = {isa = PBXBuildFile; fileRef = F1000000000000000000002A /* ContentView.swift */; };
                BF000000000000000000003A /* WatchConnectivityManager.swift in Sources */ = {isa = PBXBuildFile; fileRef = F1000000000000000000003A /* WatchConnectivityManager.swift */; };
                BF000000000000000000004A /* BiometricAPIClient.swift in Sources */ = {isa = PBXBuildFile; fileRef = F1000000000000000000004A /* BiometricAPIClient.swift */; };
                BF000000000000000000005A /* Config.plist in Resources */ = {isa = PBXBuildFile; fileRef = F1000000000000000000006A /* Config.plist */; };
                BF000000000000000000006A /* AnamnesisWatchApp.swift in Sources */ = {isa = PBXBuildFile; fileRef = F2000000000000000000001A /* AnamnesisWatchApp.swift */; };
                BF000000000000000000007A /* WatchContentView.swift in Sources */ = {isa = PBXBuildFile; fileRef = F2000000000000000000002A /* WatchContentView.swift */; };
                BF000000000000000000008A /* WorkoutManager.swift in Sources */ = {isa = PBXBuildFile; fileRef = F2000000000000000000003A /* WorkoutManager.swift */; };
                BF000000000000000000009A /* AnamnesisWatch.app in Embed Watch Content */ = {isa = PBXBuildFile; fileRef = F4000000000000000000002A /* AnamnesisWatch.app */; settings = {ATTRIBUTES = (RemoveHeadersOnCopy, ); }; };
                BF00000000000000000000AA /* HealthKit.framework in Frameworks (Watch Extension) */ = {isa = PBXBuildFile; fileRef = F5000000000000000000001A /* HealthKit.framework */; };
                BF00000000000000000000BA /* WatchKit.framework in Frameworks (Watch Extension) */ = {isa = PBXBuildFile; fileRef = F5000000000000000000002A /* WatchKit.framework */; };
/* End PBXBuildFile section */

/* Begin PBXCopyFilesBuildPhase section */
                BB000000000000000000005A /* Embed Watch Content */ = {
                        isa = PBXCopyFilesBuildPhase;
                        buildActionMask = 2147483647;
                        dstPath = "$(CONTENTS_FOLDER_PATH)/Watch";
                        dstSubfolderSpec = 16;
                        files = (
                                BF000000000000000000009A /* AnamnesisWatch.app in Embed Watch Content */,
                        );
                        name = "Embed Watch Content";
                        runOnlyForDeploymentPostprocessing = 0;
                };
/* End PBXCopyFilesBuildPhase section */

/* Begin PBXFileReference section */
                F1000000000000000000001A /* AnamnesisApp.swift */ = {isa = PBXFileReference; lastKnownFileType = sourcecode.swift; path = AnamnesisApp.swift; sourceTree = "<group>"; };
                F1000000000000000000002A /* ContentView.swift */ = {isa = PBXFileReference; lastKnownFileType = sourcecode.swift; path = ContentView.swift; sourceTree = "<group>"; };
                F1000000000000000000003A /* WatchConnectivityManager.swift */ = {isa = PBXFileReference; lastKnownFileType = sourcecode.swift; path = WatchConnectivityManager.swift; sourceTree = "<group>"; };
                F1000000000000000000004A /* BiometricAPIClient.swift */ = {isa = PBXFileReference; lastKnownFileType = sourcecode.swift; path = BiometricAPIClient.swift; sourceTree = "<group>"; };
                F1000000000000000000005A /* Info.plist */ = {isa = PBXFileReference; lastKnownFileType = text.plist.xml; path = Info.plist; sourceTree = "<group>"; };
                F1000000000000000000006A /* Config.plist */ = {isa = PBXFileReference; lastKnownFileType = text.plist.xml; path = Config.plist; sourceTree = "<group>"; };
                F1000000000000000000007A /* Anamnesis.entitlements */ = {isa = PBXFileReference; lastKnownFileType = text.plist.entitlements; path = Anamnesis.entitlements; sourceTree = "<group>"; };
                F2000000000000000000001A /* AnamnesisWatchApp.swift */ = {isa = PBXFileReference; lastKnownFileType = sourcecode.swift; path = AnamnesisWatchApp.swift; sourceTree = "<group>"; };
                F2000000000000000000002A /* WatchContentView.swift */ = {isa = PBXFileReference; lastKnownFileType = sourcecode.swift; path = WatchContentView.swift; sourceTree = "<group>"; };
                F2000000000000000000003A /* WorkoutManager.swift */ = {isa = PBXFileReference; lastKnownFileType = sourcecode.swift; path = WorkoutManager.swift; sourceTree = "<group>"; };
                F2000000000000000000004A /* Info.plist */ = {isa = PBXFileReference; lastKnownFileType = text.plist.xml; path = Info.plist; sourceTree = "<group>"; };
                F2000000000000000000005A /* AnamnesisWatch.entitlements */ = {isa = PBXFileReference; lastKnownFileType = text.plist.entitlements; path = AnamnesisWatch.entitlements; sourceTree = "<group>"; };
                F3000000000000000000001A /* Info.plist */ = {isa = PBXFileReference; lastKnownFileType = text.plist.xml; path = Info.plist; sourceTree = "<group>"; };
                F4000000000000000000001A /* Anamnesis.app */ = {isa = PBXFileReference; explicitFileType = wrapper.application; includeInIndex = 0; path = Anamnesis.app; sourceTree = BUILT_PRODUCTS_DIR; };
                F4000000000000000000002A /* AnamnesisWatch.app */ = {isa = PBXFileReference; explicitFileType = wrapper.application; includeInIndex = 0; path = AnamnesisWatch.app; sourceTree = BUILT_PRODUCTS_DIR; };
                F4000000000000000000003A /* AnamnesisWatch Extension.appex */ = {isa = PBXFileReference; explicitFileType = wrapper.app-extension; includeInIndex = 0; path = "AnamnesisWatch Extension.appex"; sourceTree = BUILT_PRODUCTS_DIR; };
                F5000000000000000000001A /* HealthKit.framework */ = {isa = PBXFileReference; lastKnownFileType = wrapper.framework; name = HealthKit.framework; path = System/Library/Frameworks/HealthKit.framework; sourceTree = SDKROOT; };
                F5000000000000000000002A /* WatchKit.framework */ = {isa = PBXFileReference; lastKnownFileType = wrapper.framework; name = WatchKit.framework; path = System/Library/Frameworks/WatchKit.framework; sourceTree = SDKROOT; };
/* End PBXFileReference section */

/* Begin PBXFrameworksBuildPhase section */
                BB000000000000000000003A /* Frameworks (iOS) */ = {
                        isa = PBXFrameworksBuildPhase;
                        buildActionMask = 2147483647;
                        files = (
                        );
                        runOnlyForDeploymentPostprocessing = 0;
                };
                DD000000000000000000003A /* Frameworks (Watch Extension) */ = {
                        isa = PBXFrameworksBuildPhase;
                        buildActionMask = 2147483647;
                        files = (
                                BF00000000000000000000AA /* HealthKit.framework in Frameworks (Watch Extension) */,
                                BF00000000000000000000BA /* WatchKit.framework in Frameworks (Watch Extension) */,
                        );
                        runOnlyForDeploymentPostprocessing = 0;
                };
/* End PBXFrameworksBuildPhase section */

/* Begin PBXGroup section */
                AA000000000000000000001A /* Main Group */ = {
                        isa = PBXGroup;
                        children = (
                                GG000000000000000000001A /* Anamnesis */,
                                GG000000000000000000002A /* AnamnesisWatch */,
                                GG000000000000000000003A /* AnamnesisWatch Extension */,
                                GG000000000000000000004A /* Frameworks */,
                                AA000000000000000000002A /* Products */,
                        );
                        sourceTree = "<group>";
                };
                AA000000000000000000002A /* Products */ = {
                        isa = PBXGroup;
                        children = (
                                F4000000000000000000001A /* Anamnesis.app */,
                                F4000000000000000000002A /* AnamnesisWatch.app */,
                                F4000000000000000000003A /* AnamnesisWatch Extension.appex */,
                        );
                        name = Products;
                        sourceTree = "<group>";
                };
                GG000000000000000000001A /* Anamnesis */ = {
                        isa = PBXGroup;
                        children = (
                                F1000000000000000000001A /* AnamnesisApp.swift */,
                                F1000000000000000000002A /* ContentView.swift */,
                                F1000000000000000000003A /* WatchConnectivityManager.swift */,
                                F1000000000000000000004A /* BiometricAPIClient.swift */,
                                F1000000000000000000005A /* Info.plist */,
                                F1000000000000000000006A /* Config.plist */,
                                F1000000000000000000007A /* Anamnesis.entitlements */,
                        );
                        path = Anamnesis;
                        sourceTree = "<group>";
                };
                GG000000000000000000002A /* AnamnesisWatch */ = {
                        isa = PBXGroup;
                        children = (
                                F3000000000000000000001A /* Info.plist */,
                        );
                        path = AnamnesisWatch;
                        sourceTree = "<group>";
                };
                GG000000000000000000003A /* AnamnesisWatch Extension */ = {
                        isa = PBXGroup;
                        children = (
                                F2000000000000000000001A /* AnamnesisWatchApp.swift */,
                                F2000000000000000000002A /* WatchContentView.swift */,
                                F2000000000000000000003A /* WorkoutManager.swift */,
                                F2000000000000000000004A /* Info.plist */,
                                F2000000000000000000005A /* AnamnesisWatch.entitlements */,
                        );
                        path = "AnamnesisWatch Extension";
                        sourceTree = "<group>";
                };
                GG000000000000000000004A /* Frameworks */ = {
                        isa = PBXGroup;
                        children = (
                                F5000000000000000000001A /* HealthKit.framework */,
                                F5000000000000000000002A /* WatchKit.framework */,
                        );
                        name = Frameworks;
                        sourceTree = "<group>";
                };
/* End PBXGroup section */

/* Begin PBXNativeTarget section */
                BB000000000000000000000A /* Anamnesis */ = {
                        isa = PBXNativeTarget;
                        buildConfigurationList = EE000000000000000000009A /* Build configuration list for PBXNativeTarget "Anamnesis" */;
                        buildPhases = (
                                BB000000000000000000002A /* Sources */,
                                BB000000000000000000003A /* Frameworks */,
                                BB000000000000000000004A /* Resources */,
                                BB000000000000000000005A /* Embed Watch Content */,
                        );
                        buildRules = (
                        );
                        dependencies = (
                                AA000000000000000000010A /* PBXTargetDependency (WatchApp) */,
                        );
                        name = Anamnesis;
                        productName = Anamnesis;
                        productReference = F4000000000000000000001A /* Anamnesis.app */;
                        productType = "com.apple.product-type.application";
                };
                CC000000000000000000000A /* AnamnesisWatch */ = {
                        isa = PBXNativeTarget;
                        buildConfigurationList = EE00000000000000000000AA /* Build configuration list for PBXNativeTarget "AnamnesisWatch" */;
                        buildPhases = (
                                CC000000000000000000002A /* Sources */,
                                CC000000000000000000003A /* Resources */,
                                CC000000000000000000004A /* Embed App Extensions */,
                        );
                        buildRules = (
                        );
                        dependencies = (
                                AA000000000000000000011A /* PBXTargetDependency (WatchExtension) */,
                        );
                        name = AnamnesisWatch;
                        productName = AnamnesisWatch;
                        productReference = F4000000000000000000002A /* AnamnesisWatch.app */;
                        productType = "com.apple.product-type.application.watchapp2";
                };
                DD000000000000000000000A /* AnamnesisWatch Extension */ = {
                        isa = PBXNativeTarget;
                        buildConfigurationList = EE00000000000000000000BA /* Build configuration list for PBXNativeTarget "AnamnesisWatch Extension" */;
                        buildPhases = (
                                DD000000000000000000002A /* Sources */,
                                DD000000000000000000003A /* Frameworks */,
                                DD000000000000000000004A /* Resources */,
                        );
                        buildRules = (
                        );
                        dependencies = (
                        );
                        name = "AnamnesisWatch Extension";
                        productName = "AnamnesisWatch Extension";
                        productReference = F4000000000000000000003A /* AnamnesisWatch Extension.appex */;
                        productType = "com.apple.product-type.watchkit2-extension";
                };
/* End PBXNativeTarget section */

/* Begin PBXProject section */
                AA000000000000000000000A /* Project object */ = {
                        isa = PBXProject;
                        attributes = {
                                BuildIndependentTargetsInParallel = 1;
                                LastSwiftUpdateCheck = 1500;
                                LastUpgradeCheck = 1500;
                                TargetAttributes = {
                                        BB000000000000000000000A = {
                                                CreatedOnToolsVersion = 15.0;
                                        };
                                        CC000000000000000000000A = {
                                                CreatedOnToolsVersion = 15.0;
                                        };
                                        DD000000000000000000000A = {
                                                CreatedOnToolsVersion = 15.0;
                                        };
                                };
                        };
                        buildConfigurationList = EE00000000000000000000CA /* Build configuration list for PBXProject "Anamnesis" */;
                        compatibilityVersion = "Xcode 14.0";
                        developmentRegion = en;
                        hasScannedForEncodings = 0;
                        knownRegions = (
                                en,
                                Base,
                        );
                        mainGroup = AA000000000000000000001A;
                        productRefGroup = AA000000000000000000002A /* Products */;
                        projectDirPath = "";
                        projectRoot = "";
                        targets = (
                                BB000000000000000000000A /* Anamnesis */,
                                CC000000000000000000000A /* AnamnesisWatch */,
                                DD000000000000000000000A /* AnamnesisWatch Extension */,
                        );
                };
/* End PBXProject section */

/* Begin PBXResourcesBuildPhase section */
                BB000000000000000000004A /* Resources (iOS) */ = {
                        isa = PBXResourcesBuildPhase;
                        buildActionMask = 2147483647;
                        files = (
                                BF000000000000000000005A /* Config.plist in Resources */,
                        );
                        runOnlyForDeploymentPostprocessing = 0;
                };
                CC000000000000000000003A /* Resources (Watch App) */ = {
                        isa = PBXResourcesBuildPhase;
                        buildActionMask = 2147483647;
                        files = (
                        );
                        runOnlyForDeploymentPostprocessing = 0;
                };
                DD000000000000000000004A /* Resources (Watch Extension) */ = {
                        isa = PBXResourcesBuildPhase;
                        buildActionMask = 2147483647;
                        files = (
                        );
                        runOnlyForDeploymentPostprocessing = 0;
                };
/* End PBXResourcesBuildPhase section */

/* Begin PBXSourcesBuildPhase section */
                BB000000000000000000002A /* Sources (iOS) */ = {
                        isa = PBXSourcesBuildPhase;
                        buildActionMask = 2147483647;
                        files = (
                                BF000000000000000000001A /* AnamnesisApp.swift in Sources */,
                                BF000000000000000000002A /* ContentView.swift in Sources */,
                                BF000000000000000000003A /* WatchConnectivityManager.swift in Sources */,
                                BF000000000000000000004A /* BiometricAPIClient.swift in Sources */,
                        );
                        runOnlyForDeploymentPostprocessing = 0;
                };
                CC000000000000000000002A /* Sources (Watch App) */ = {
                        isa = PBXSourcesBuildPhase;
                        buildActionMask = 2147483647;
                        files = (
                        );
                        runOnlyForDeploymentPostprocessing = 0;
                };
                DD000000000000000000002A /* Sources (Watch Extension) */ = {
                        isa = PBXSourcesBuildPhase;
                        buildActionMask = 2147483647;
                        files = (
                                BF000000000000000000006A /* AnamnesisWatchApp.swift in Sources */,
                                BF000000000000000000007A /* WatchContentView.swift in Sources */,
                                BF000000000000000000008A /* WorkoutManager.swift in Sources */,
                        );
                        runOnlyForDeploymentPostprocessing = 0;
                };
/* End PBXSourcesBuildPhase section */

/* Begin PBXCopyFilesBuildPhase section (Watch App Embed Extension) */
                CC000000000000000000004A /* Embed App Extensions */ = {
                        isa = PBXCopyFilesBuildPhase;
                        buildActionMask = 2147483647;
                        dstPath = "";
                        dstSubfolderSpec = 13;
                        files = (
                                AA000000000000000000020A /* AnamnesisWatch Extension.appex in Embed App Extensions */,
                        );
                        name = "Embed App Extensions";
                        runOnlyForDeploymentPostprocessing = 0;
                };
/* End PBXCopyFilesBuildPhase section (Watch App Embed Extension) */

/* Begin PBXBuildFile (extension embed) */
                AA000000000000000000020A /* AnamnesisWatch Extension.appex in Embed App Extensions */ = {isa = PBXBuildFile; fileRef = F4000000000000000000003A /* AnamnesisWatch Extension.appex */; settings = {ATTRIBUTES = (RemoveHeadersOnCopy, ); }; };
/* End PBXBuildFile (extension embed) */

/* Begin PBXTargetDependency section */
                AA000000000000000000010A /* PBXTargetDependency */ = {
                        isa = PBXTargetDependency;
                        target = CC000000000000000000000A /* AnamnesisWatch */;
                        targetProxy = AA000000000000000000012A /* PBXContainerItemProxy (WatchApp) */;
                };
                AA000000000000000000011A /* PBXTargetDependency */ = {
                        isa = PBXTargetDependency;
                        target = DD000000000000000000000A /* AnamnesisWatch Extension */;
                        targetProxy = AA000000000000000000013A /* PBXContainerItemProxy (WatchExtension) */;
                };
/* End PBXTargetDependency section */

/* Begin PBXContainerItemProxy section */
                AA000000000000000000012A /* PBXContainerItemProxy */ = {
                        isa = PBXContainerItemProxy;
                        containerPortal = AA000000000000000000000A /* Project object */;
                        proxyType = 1;
                        remoteGlobalIDString = CC000000000000000000000A;
                        remoteInfo = AnamnesisWatch;
                };
                AA000000000000000000013A /* PBXContainerItemProxy */ = {
                        isa = PBXContainerItemProxy;
                        containerPortal = AA000000000000000000000A /* Project object */;
                        proxyType = 1;
                        remoteGlobalIDString = DD000000000000000000000A;
                        remoteInfo = "AnamnesisWatch Extension";
                };
/* End PBXContainerItemProxy section */

/* Begin XCBuildConfiguration section */
                EE000000000000000000001A /* Debug (Project) */ = {
                        isa = XCBuildConfiguration;
                        buildSettings = {
                                ALWAYS_SEARCH_USER_PATHS = NO;
                                CLANG_ANALYZER_NONNULL = YES;
                                CLANG_ANALYZER_NUMBER_OBJECT_CONVERSION = YES_AGGRESSIVE;
                                CLANG_CXX_LANGUAGE_STANDARD = "gnu++20";
                                CLANG_ENABLE_MODULES = YES;
                                CLANG_ENABLE_OBJC_ARC = YES;
                                CLANG_ENABLE_OBJC_WEAK = YES;
                                CLANG_WARN_BLOCK_CAPTURE_AUTORELEASING = YES;
                                CLANG_WARN_BOOL_CONVERSION = YES;
                                CLANG_WARN_COMMA = YES;
                                CLANG_WARN_CONSTANT_CONVERSION = YES;
                                CLANG_WARN_DEPRECATED_OBJC_IMPLEMENTATIONS = YES;
                                CLANG_WARN_DIRECT_OBJC_ISA_USAGE = YES_ERROR;
                                CLANG_WARN_DOCUMENTATION_COMMENTS = YES;
                                CLANG_WARN_EMPTY_BODY = YES;
                                CLANG_WARN_ENUM_CONVERSION = YES;
                                CLANG_WARN_INFINITE_RECURSION = YES;
                                CLANG_WARN_INT_CONVERSION = YES;
                                CLANG_WARN_NON_LITERAL_NULL_CONVERSION = YES;
                                CLANG_WARN_OBJC_IMPLICIT_RETAIN_SELF = YES;
                                CLANG_WARN_OBJC_LITERAL_CONVERSION = YES;
                                CLANG_WARN_OBJC_ROOT_CLASS = YES_ERROR;
                                CLANG_WARN_QUOTED_INCLUDE_IN_FRAMEWORK_HEADER = YES;
                                CLANG_WARN_RANGE_LOOP_ANALYSIS = YES;
                                CLANG_WARN_STRICT_PROTOTYPES = YES;
                                CLANG_WARN_SUSPICIOUS_MOVE = YES;
                                CLANG_WARN_UNGUARDED_AVAILABILITY = YES_AGGRESSIVE;
                                CLANG_WARN_UNREACHABLE_CODE = YES;
                                CLANG_WARN__DUPLICATE_METHOD_MATCH = YES;
                                COPY_PHASE_STRIP = NO;
                                DEBUG_INFORMATION_FORMAT = dwarf;
                                ENABLE_STRICT_OBJC_MSGSEND = YES;
                                ENABLE_TESTABILITY = YES;
                                GCC_C_LANGUAGE_STANDARD = gnu11;
                                GCC_DYNAMIC_NO_PIC = NO;
                                GCC_NO_COMMON_BLOCKS = YES;
                                GCC_OPTIMIZATION_LEVEL = 0;
                                GCC_PREPROCESSOR_DEFINITIONS = (
                                        "DEBUG=1",
                                        "$(inherited)",
                                );
                                GCC_WARN_64_TO_32_BIT_CONVERSION = YES;
                                GCC_WARN_ABOUT_RETURN_TYPE = YES_ERROR;
                                GCC_WARN_UNDECLARED_SELECTOR = YES;
                                GCC_WARN_UNINITIALIZED_AUTOS = YES_AGGRESSIVE;
                                GCC_WARN_UNUSED_FUNCTION = YES;
                                GCC_WARN_UNUSED_VARIABLE = YES;
                                MTL_ENABLE_DEBUG_INFO = INCLUDE_SOURCE;
                                MTL_FAST_MATH = YES;
                                ONLY_ACTIVE_ARCH = YES;
                                SWIFT_ACTIVE_COMPILATION_CONDITIONS = DEBUG;
                                SWIFT_OPTIMIZATION_LEVEL = "-Onone";
                        };
                        name = Debug;
                };
                EE000000000000000000002A /* Release (Project) */ = {
                        isa = XCBuildConfiguration;
                        buildSettings = {
                                ALWAYS_SEARCH_USER_PATHS = NO;
                                CLANG_ANALYZER_NONNULL = YES;
                                CLANG_ANALYZER_NUMBER_OBJECT_CONVERSION = YES_AGGRESSIVE;
                                CLANG_CXX_LANGUAGE_STANDARD = "gnu++20";
                                CLANG_ENABLE_MODULES = YES;
                                CLANG_ENABLE_OBJC_ARC = YES;
                                CLANG_ENABLE_OBJC_WEAK = YES;
                                CLANG_WARN_BLOCK_CAPTURE_AUTORELEASING = YES;
                                CLANG_WARN_BOOL_CONVERSION = YES;
                                CLANG_WARN_COMMA = YES;
                                CLANG_WARN_CONSTANT_CONVERSION = YES;
                                CLANG_WARN_DEPRECATED_OBJC_IMPLEMENTATIONS = YES;
                                CLANG_WARN_DIRECT_OBJC_ISA_USAGE = YES_ERROR;
                                CLANG_WARN_DOCUMENTATION_COMMENTS = YES;
                                CLANG_WARN_EMPTY_BODY = YES;
                                CLANG_WARN_ENUM_CONVERSION = YES;
                                CLANG_WARN_INFINITE_RECURSION = YES;
                                CLANG_WARN_INT_CONVERSION = YES;
                                CLANG_WARN_NON_LITERAL_NULL_CONVERSION = YES;
                                CLANG_WARN_OBJC_IMPLICIT_RETAIN_SELF = YES;
                                CLANG_WARN_OBJC_LITERAL_CONVERSION = YES;
                                CLANG_WARN_OBJC_ROOT_CLASS = YES_ERROR;
                                CLANG_WARN_QUOTED_INCLUDE_IN_FRAMEWORK_HEADER = YES;
                                CLANG_WARN_RANGE_LOOP_ANALYSIS = YES;
                                CLANG_WARN_STRICT_PROTOTYPES = YES;
                                CLANG_WARN_SUSPICIOUS_MOVE = YES;
                                CLANG_WARN_UNGUARDED_AVAILABILITY = YES_AGGRESSIVE;
                                CLANG_WARN_UNREACHABLE_CODE = YES;
                                CLANG_WARN__DUPLICATE_METHOD_MATCH = YES;
                                COPY_PHASE_STRIP = NO;
                                DEBUG_INFORMATION_FORMAT = "dwarf-with-dsym";
                                ENABLE_NS_ASSERTIONS = NO;
                                ENABLE_STRICT_OBJC_MSGSEND = YES;
                                GCC_C_LANGUAGE_STANDARD = gnu11;
                                GCC_NO_COMMON_BLOCKS = YES;
                                GCC_WARN_64_TO_32_BIT_CONVERSION = YES;
                                GCC_WARN_ABOUT_RETURN_TYPE = YES_ERROR;
                                GCC_WARN_UNDECLARED_SELECTOR = YES;
                                GCC_WARN_UNINITIALIZED_AUTOS = YES_AGGRESSIVE;
                                GCC_WARN_UNUSED_FUNCTION = YES;
                                GCC_WARN_UNUSED_VARIABLE = YES;
                                MTL_ENABLE_DEBUG_INFO = NO;
                                MTL_FAST_MATH = YES;
                                SWIFT_COMPILATION_MODE = wholemodule;
                                SWIFT_OPTIMIZATION_LEVEL = "-O";
                                VALIDATE_PRODUCT = YES;
                        };
                        name = Release;
                };
                EE000000000000000000003A /* Debug (iOS Target) */ = {
                        isa = XCBuildConfiguration;
                        buildSettings = {
                                CODE_SIGN_ENTITLEMENTS = Anamnesis/Anamnesis.entitlements;
                                CODE_SIGN_STYLE = Automatic;
                                CURRENT_PROJECT_VERSION = 1;
                                DEVELOPMENT_ASSET_PATHS = "";
                                DEVELOPMENT_TEAM = "";
                                GENERATE_INFOPLIST_FILE = NO;
                                INFOPLIST_FILE = Anamnesis/Info.plist;
                                IPHONEOS_DEPLOYMENT_TARGET = 16.0;
                                LD_RUNPATH_SEARCH_PATHS = (
                                        "$(inherited)",
                                        "@executable_path/Frameworks",
                                );
                                MARKETING_VERSION = 1.0;
                                PRODUCT_BUNDLE_IDENTIFIER = "com.anamnesis.app";
                                PRODUCT_NAME = "$(TARGET_NAME)";
                                SWIFT_EMIT_LOC_STRINGS = YES;
                                SWIFT_VERSION = 5.0;
                                TARGETED_DEVICE_FAMILY = "1,2";
                        };
                        name = Debug;
                };
                EE000000000000000000004A /* Release (iOS Target) */ = {
                        isa = XCBuildConfiguration;
                        buildSettings = {
                                CODE_SIGN_ENTITLEMENTS = Anamnesis/Anamnesis.entitlements;
                                CODE_SIGN_STYLE = Automatic;
                                CURRENT_PROJECT_VERSION = 1;
                                DEVELOPMENT_ASSET_PATHS = "";
                                DEVELOPMENT_TEAM = "";
                                GENERATE_INFOPLIST_FILE = NO;
                                INFOPLIST_FILE = Anamnesis/Info.plist;
                                IPHONEOS_DEPLOYMENT_TARGET = 16.0;
                                LD_RUNPATH_SEARCH_PATHS = (
                                        "$(inherited)",
                                        "@executable_path/Frameworks",
                                );
                                MARKETING_VERSION = 1.0;
                                PRODUCT_BUNDLE_IDENTIFIER = "com.anamnesis.app";
                                PRODUCT_NAME = "$(TARGET_NAME)";
                                SWIFT_EMIT_LOC_STRINGS = YES;
                                SWIFT_VERSION = 5.0;
                                TARGETED_DEVICE_FAMILY = "1,2";
                        };
                        name = Release;
                };
                EE000000000000000000005A /* Debug (Watch App Target) */ = {
                        isa = XCBuildConfiguration;
                        buildSettings = {
                                CODE_SIGN_STYLE = Automatic;
                                CURRENT_PROJECT_VERSION = 1;
                                DEVELOPMENT_TEAM = "";
                                GENERATE_INFOPLIST_FILE = NO;
                                INFOPLIST_FILE = AnamnesisWatch/Info.plist;
                                MARKETING_VERSION = 1.0;
                                PRODUCT_BUNDLE_IDENTIFIER = "com.anamnesis.app.watchkitapp";
                                PRODUCT_NAME = "$(TARGET_NAME)";
                                SDKROOT = watchos;
                                SKIP_INSTALL = YES;
                                SWIFT_EMIT_LOC_STRINGS = YES;
                                SWIFT_VERSION = 5.0;
                                TARGETED_DEVICE_FAMILY = 4;
                                WATCHOS_DEPLOYMENT_TARGET = 9.0;
                        };
                        name = Debug;
                };
                EE000000000000000000006A /* Release (Watch App Target) */ = {
                        isa = XCBuildConfiguration;
                        buildSettings = {
                                CODE_SIGN_STYLE = Automatic;
                                CURRENT_PROJECT_VERSION = 1;
                                DEVELOPMENT_TEAM = "";
                                GENERATE_INFOPLIST_FILE = NO;
                                INFOPLIST_FILE = AnamnesisWatch/Info.plist;
                                MARKETING_VERSION = 1.0;
                                PRODUCT_BUNDLE_IDENTIFIER = "com.anamnesis.app.watchkitapp";
                                PRODUCT_NAME = "$(TARGET_NAME)";
                                SDKROOT = watchos;
                                SKIP_INSTALL = YES;
                                SWIFT_EMIT_LOC_STRINGS = YES;
                                SWIFT_VERSION = 5.0;
                                TARGETED_DEVICE_FAMILY = 4;
                                WATCHOS_DEPLOYMENT_TARGET = 9.0;
                        };
                        name = Release;
                };
                EE000000000000000000007A /* Debug (Watch Extension Target) */ = {
                        isa = XCBuildConfiguration;
                        buildSettings = {
                                CODE_SIGN_ENTITLEMENTS = "AnamnesisWatch Extension/AnamnesisWatch.entitlements";
                                CODE_SIGN_STYLE = Automatic;
                                CURRENT_PROJECT_VERSION = 1;
                                DEVELOPMENT_TEAM = "";
                                GENERATE_INFOPLIST_FILE = NO;
                                INFOPLIST_FILE = "AnamnesisWatch Extension/Info.plist";
                                MARKETING_VERSION = 1.0;
                                PRODUCT_BUNDLE_IDENTIFIER = "com.anamnesis.app.watchkitapp.extension";
                                PRODUCT_NAME = "$(TARGET_NAME)";
                                SDKROOT = watchos;
                                SKIP_INSTALL = YES;
                                SWIFT_EMIT_LOC_STRINGS = YES;
                                SWIFT_VERSION = 5.0;
                                TARGETED_DEVICE_FAMILY = 4;
                                WATCHOS_DEPLOYMENT_TARGET = 9.0;
                        };
                        name = Debug;
                };
                EE000000000000000000008A /* Release (Watch Extension Target) */ = {
                        isa = XCBuildConfiguration;
                        buildSettings = {
                                CODE_SIGN_ENTITLEMENTS = "AnamnesisWatch Extension/AnamnesisWatch.entitlements";
                                CODE_SIGN_STYLE = Automatic;
                                CURRENT_PROJECT_VERSION = 1;
                                DEVELOPMENT_TEAM = "";
                                GENERATE_INFOPLIST_FILE = NO;
                                INFOPLIST_FILE = "AnamnesisWatch Extension/Info.plist";
                                MARKETING_VERSION = 1.0;
                                PRODUCT_BUNDLE_IDENTIFIER = "com.anamnesis.app.watchkitapp.extension";
                                PRODUCT_NAME = "$(TARGET_NAME)";
                                SDKROOT = watchos;
                                SKIP_INSTALL = YES;
                                SWIFT_EMIT_LOC_STRINGS = YES;
                                SWIFT_VERSION = 5.0;
                                TARGETED_DEVICE_FAMILY = 4;
                                WATCHOS_DEPLOYMENT_TARGET = 9.0;
                        };
                        name = Release;
                };
/* End XCBuildConfiguration section */

/* Begin XCConfigurationList section */
                EE000000000000000000009A /* Build configuration list for PBXNativeTarget "Anamnesis" */ = {
                        isa = XCConfigurationList;
                        buildConfigurations = (
                                EE000000000000000000003A /* Debug */,
                                EE000000000000000000004A /* Release */,
                        );
                        defaultConfigurationIsVisible = 0;
                        defaultConfigurationName = Release;
                };
                EE00000000000000000000AA /* Build configuration list for PBXNativeTarget "AnamnesisWatch" */ = {
                        isa = XCConfigurationList;
                        buildConfigurations = (
                                EE000000000000000000005A /* Debug */,
                                EE000000000000000000006A /* Release */,
                        );
                        defaultConfigurationIsVisible = 0;
                        defaultConfigurationName = Release;
                };
                EE00000000000000000000BA /* Build configuration list for PBXNativeTarget "AnamnesisWatch Extension" */ = {
                        isa = XCConfigurationList;
                        buildConfigurations = (
                                EE000000000000000000007A /* Debug */,
                                EE000000000000000000008A /* Release */,
                        );
                        defaultConfigurationIsVisible = 0;
                        defaultConfigurationName = Release;
                };
                EE00000000000000000000CA /* Build configuration list for PBXProject "Anamnesis" */ = {
                        isa = XCConfigurationList;
                        buildConfigurations = (
                                EE000000000000000000001A /* Debug */,
                                EE000000000000000000002A /* Release */,
                        );
                        defaultConfigurationIsVisible = 0;
                        defaultConfigurationName = Release;
                };
/* End XCConfigurationList section */

        };
        rootObject = AA000000000000000000000A /* Project object */;
}
